
Microsoft Visual Studio Solution File, Format Version 12.00
# Visual Studio Version 17
VisualStudioVersion = 17.0.31903.59
MinimumVisualStudioVersion = 10.0.40219.1
Project("{9A19103F-16F7-4668-BE54-9A1E7A4F7556}") = "SportsStore", "SportsStore\SportsStore.csproj", "{D1098DD4-CE84-4526-8AEB-7E9DB6B0A2BD}"
EndProject
Project("{9A19103F-16F7-4668-BE54-9A1E7A4F7556}") = "SportsStore.Tests", "SportsStore.Tests\SportsStore.Tests.csproj", "{82CC24AB-4FAF-4952-A975-F7F1673EEF9F}"
EndProject
Global
	GlobalSection(SolutionConfigurationPlatforms) = preSolution
		Debug|Any CPU = Debug|Any CPU
		Release|Any CPU = Release|Any CPU
	EndGlobalSection
	GlobalSection(ProjectConfigurationPlatforms) = postSolution
		{D1098DD4-CE84-4526-8AEB-7E9DB6B0A2BD}.Debug|Any CPU.ActiveCfg = Debug|Any CPU
		{D1098DD4-CE84-4526-8AEB-7E9DB6B0A2BD}.Debug|Any CPU.Build.0 = Debug|Any CPU
		{D1098DD4-CE84-4526-8AEB-7E9DB6B0A2BD}.Release|Any CPU.ActiveCfg = Release|Any CPU
		{D1098DD4-CE84-4526-8AEB-7E9DB6B0A2BD}.Release|Any CPU.Build.0 = Release|Any CPU
		{82CC24AB-4FAF-4952-A975-F7F1673EEF9F}.Debug|Any CPU.ActiveCfg = Debug|Any CPU
		{82CC24AB-4FAF-4952-A975-F7F1673EEF9F}.Debug|Any CPU.Build.0 = Debug|Any CPU
		{82CC24AB-4FAF-4952-A975-F7F1673EEF9F}.Release|Any CPU.ActiveCfg = Release|Any CPU
		{82CC24AB-4FAF-4952-A975-F7F1673EEF9F}.Release|Any CPU.Build.0 = Release|Any CPU
	EndGlobalSection
	GlobalSection(SolutionProperties) = preSolution
		HideSolutionNode = FALSE
	EndGlobalSection
	GlobalSection(ExtensibilityGlobals) = postSolution
		SolutionGuid = {486B8396-427C-439C-87EF-B501BED0B4E7}
	EndGlobalSection
EndGlobal
